
Microsoft Visual Studio Solution File, Format Version 12.00
# Visual Studio Version 16
VisualStudioVersion = 16.0.31729.503
MinimumVisualStudioVersion = 10.0.40219.1
Project("{9A19103F-16F7-4668-BE54-9A1E7A4F7556}") = "Mc2.CrudTest.AcceptanceTests", "Mc2.CrudTest.AcceptanceTests\Mc2.CrudTest.AcceptanceTests.csproj", "{00E0E714-1EB4-4B62-950F-AE7C3BFD6766}"
EndProject
Project("{9A19103F-16F7-4668-BE54-9A1E7A4F7556}") = "Mc2.CrudTest.Presentation.Server", "Mc2.CrudTest.Presentation\Server\Mc2.CrudTest.Presentation.Server.csproj", "{8D41010B-AEF1-4742-B7EC-6A5AE62C45FC}"
EndProject
Project("{2150E333-8FDC-42A3-9474-1A3956D46DE8}") = "test", "test", "{D4463BA6-BA4C-482A-B7CA-35FF1266B460}"
EndProject
Project("{2150E333-8FDC-42A3-9474-1A3956D46DE8}") = "src", "src", "{49118FAB-41A0-4376-AA35-EB5FE3F76F90}"
EndProject
Project("{2150E333-8FDC-42A3-9474-1A3956D46DE8}") = "Endpoint", "Endpoint", "{7EA39066-8756-429A-AB15-3B791A053CA9}"
EndProject
Project("{2150E333-8FDC-42A3-9474-1A3956D46DE8}") = "Domain", "Domain", "{B194A3FC-B182-431A-86E5-F0819CD8CE97}"
EndProject
Project("{9A19103F-16F7-4668-BE54-9A1E7A4F7556}") = "Mc2.CrudTest.UnitTests", "Mc2.CrudTest.UnitTests\Mc2.CrudTest.UnitTests.csproj", "{8308A1D0-8A0C-43D4-9969-FD95132A79B5}"
EndProject
Project("{9A19103F-16F7-4668-BE54-9A1E7A4F7556}") = "Mc2.CrudTest.Domain", "Mc2.CrudTest.Domain\Mc2.CrudTest.Domain.csproj", "{0551E76B-B9E4-4C7D-801E-F5E6D6066FBB}"
EndProject
Project("{2150E333-8FDC-42A3-9474-1A3956D46DE8}") = "FrameWork", "FrameWork", "{93346194-3F3E-4EF4-A74F-250573DD2C20}"
EndProject
Project("{9A19103F-16F7-4668-BE54-9A1E7A4F7556}") = "Mc2.CrudTest.Framework", "Mc2.CrudTest.Framework\Mc2.CrudTest.Framework.csproj", "{4AEA5E08-0DD7-40B9-BB17-22996DE7C5C5}"
EndProject
Project("{9A19103F-16F7-4668-BE54-9A1E7A4F7556}") = "Mc2.CrudTest.Domain.Contracts", "Mc2.CrudTest.Domain.Contracts\Mc2.CrudTest.Domain.Contracts.csproj", "{2AE20857-3DDA-417D-B3A5-11C10301F09B}"
EndProject
Project("{2150E333-8FDC-42A3-9474-1A3956D46DE8}") = "Infrastructures", "Infrastructures", "{8BE13F8E-C2A3-4A87-82CF-0B54F0FDD0CE}"
EndProject
Project("{9A19103F-16F7-4668-BE54-9A1E7A4F7556}") = "Mc2.CrudTest.Persistence.EFCore", "Mc2.CrudTest.Persistence.EFCore\Mc2.CrudTest.Persistence.EFCore.csproj", "{7954A78A-E301-49B4-B877-0138FDA11E42}"
EndProject
Project("{2150E333-8FDC-42A3-9474-1A3956D46DE8}") = "Applications", "Applications", "{1B757181-140B-442F-8DA8-D414D03F5C35}"
EndProject
Project("{FAE04EC0-301F-11D3-BF4B-00C04F79EFBC}") = "Mc2.CrudTest.Application", "Mc2.CrudTest.Application\Mc2.CrudTest.Application.csproj", "{FCD95E50-EF44-41C6-8F21-41AE75ABF427}"
EndProject
Project("{FAE04EC0-301F-11D3-BF4B-00C04F79EFBC}") = "Mc2.CrudTest.Application.Contracts", "Mc2.CrudTest.Application.Contracts\Mc2.CrudTest.Application.Contracts.csproj", "{B20127A1-84FB-4CC2-A8D5-38CDB16AB952}"
EndProject
Project("{2150E333-8FDC-42A3-9474-1A3956D46DE8}") = "Services", "Services", "{B44F1DEB-3A65-443F-9A23-03EEADA6171C}"
EndProject
Project("{FAE04EC0-301F-11D3-BF4B-00C04F79EFBC}") = "Mc2.CrudTest.FacadeService", "Mc2.CrudTest.FacadeService\Mc2.CrudTest.FacadeService.csproj", "{8819F81C-527F-47EB-A5E0-55EABD602986}"
EndProject
Project("{FAE04EC0-301F-11D3-BF4B-00C04F79EFBC}") = "Mc2.CrudTest.FacadeService.Contracts", "Mc2.CrudTest.FacadeService.Contracts\Mc2.CrudTest.FacadeService.Contracts.csproj", "{91C1C227-6319-4E13-A1C0-BC4DC2600293}"
EndProject
Global
	GlobalSection(SolutionConfigurationPlatforms) = preSolution
		Debug|Any CPU = Debug|Any CPU
		Release|Any CPU = Release|Any CPU
	EndGlobalSection
	GlobalSection(ProjectConfigurationPlatforms) = postSolution
		{00E0E714-1EB4-4B62-950F-AE7C3BFD6766}.Debug|Any CPU.ActiveCfg = Debug|Any CPU
		{00E0E714-1EB4-4B62-950F-AE7C3BFD6766}.Debug|Any CPU.Build.0 = Debug|Any CPU
		{00E0E714-1EB4-4B62-950F-AE7C3BFD6766}.Release|Any CPU.ActiveCfg = Release|Any CPU
		{00E0E714-1EB4-4B62-950F-AE7C3BFD6766}.Release|Any CPU.Build.0 = Release|Any CPU
		{8D41010B-AEF1-4742-B7EC-6A5AE62C45FC}.Debug|Any CPU.ActiveCfg = Debug|Any CPU
		{8D41010B-AEF1-4742-B7EC-6A5AE62C45FC}.Debug|Any CPU.Build.0 = Debug|Any CPU
		{8D41010B-AEF1-4742-B7EC-6A5AE62C45FC}.Release|Any CPU.ActiveCfg = Release|Any CPU
		{8D41010B-AEF1-4742-B7EC-6A5AE62C45FC}.Release|Any CPU.Build.0 = Release|Any CPU
		{8308A1D0-8A0C-43D4-9969-FD95132A79B5}.Debug|Any CPU.ActiveCfg = Debug|Any CPU
		{8308A1D0-8A0C-43D4-9969-FD95132A79B5}.Debug|Any CPU.Build.0 = Debug|Any CPU
		{8308A1D0-8A0C-43D4-9969-FD95132A79B5}.Release|Any CPU.ActiveCfg = Release|Any CPU
		{8308A1D0-8A0C-43D4-9969-FD95132A79B5}.Release|Any CPU.Build.0 = Release|Any CPU
		{0551E76B-B9E4-4C7D-801E-F5E6D6066FBB}.Debug|Any CPU.ActiveCfg = Debug|Any CPU
		{0551E76B-B9E4-4C7D-801E-F5E6D6066FBB}.Debug|Any CPU.Build.0 = Debug|Any CPU
		{0551E76B-B9E4-4C7D-801E-F5E6D6066FBB}.Release|Any CPU.ActiveCfg = Release|Any CPU
		{0551E76B-B9E4-4C7D-801E-F5E6D6066FBB}.Release|Any CPU.Build.0 = Release|Any CPU
		{4AEA5E08-0DD7-40B9-BB17-22996DE7C5C5}.Debug|Any CPU.ActiveCfg = Debug|Any CPU
		{4AEA5E08-0DD7-40B9-BB17-22996DE7C5C5}.Debug|Any CPU.Build.0 = Debug|Any CPU
		{4AEA5E08-0DD7-40B9-BB17-22996DE7C5C5}.Release|Any CPU.ActiveCfg = Release|Any CPU
		{4AEA5E08-0DD7-40B9-BB17-22996DE7C5C5}.Release|Any CPU.Build.0 = Release|Any CPU
		{2AE20857-3DDA-417D-B3A5-11C10301F09B}.Debug|Any CPU.ActiveCfg = Debug|Any CPU
		{2AE20857-3DDA-417D-B3A5-11C10301F09B}.Debug|Any CPU.Build.0 = Debug|Any CPU
		{2AE20857-3DDA-417D-B3A5-11C10301F09B}.Release|Any CPU.ActiveCfg = Release|Any CPU
		{2AE20857-3DDA-417D-B3A5-11C10301F09B}.Release|Any CPU.Build.0 = Release|Any CPU
		{7954A78A-E301-49B4-B877-0138FDA11E42}.Debug|Any CPU.ActiveCfg = Debug|Any CPU
		{7954A78A-E301-49B4-B877-0138FDA11E42}.Debug|Any CPU.Build.0 = Debug|Any CPU
		{7954A78A-E301-49B4-B877-0138FDA11E42}.Release|Any CPU.ActiveCfg = Release|Any CPU
		{7954A78A-E301-49B4-B877-0138FDA11E42}.Release|Any CPU.Build.0 = Release|Any CPU
		{FCD95E50-EF44-41C6-8F21-41AE75ABF427}.Debug|Any CPU.ActiveCfg = Debug|Any CPU
		{FCD95E50-EF44-41C6-8F21-41AE75ABF427}.Debug|Any CPU.Build.0 = Debug|Any CPU
		{FCD95E50-EF44-41C6-8F21-41AE75ABF427}.Release|Any CPU.ActiveCfg = Release|Any CPU
		{FCD95E50-EF44-41C6-8F21-41AE75ABF427}.Release|Any CPU.Build.0 = Release|Any CPU
		{B20127A1-84FB-4CC2-A8D5-38CDB16AB952}.Debug|Any CPU.ActiveCfg = Debug|Any CPU
		{B20127A1-84FB-4CC2-A8D5-38CDB16AB952}.Debug|Any CPU.Build.0 = Debug|Any CPU
		{B20127A1-84FB-4CC2-A8D5-38CDB16AB952}.Release|Any CPU.ActiveCfg = Release|Any CPU
		{B20127A1-84FB-4CC2-A8D5-38CDB16AB952}.Release|Any CPU.Build.0 = Release|Any CPU
		{8819F81C-527F-47EB-A5E0-55EABD602986}.Debug|Any CPU.ActiveCfg = Debug|Any CPU
		{8819F81C-527F-47EB-A5E0-55EABD602986}.Debug|Any CPU.Build.0 = Debug|Any CPU
		{8819F81C-527F-47EB-A5E0-55EABD602986}.Release|Any CPU.ActiveCfg = Release|Any CPU
		{8819F81C-527F-47EB-A5E0-55EABD602986}.Release|Any CPU.Build.0 = Release|Any CPU
		{91C1C227-6319-4E13-A1C0-BC4DC2600293}.Debug|Any CPU.ActiveCfg = Debug|Any CPU
		{91C1C227-6319-4E13-A1C0-BC4DC2600293}.Debug|Any CPU.Build.0 = Debug|Any CPU
		{91C1C227-6319-4E13-A1C0-BC4DC2600293}.Release|Any CPU.ActiveCfg = Release|Any CPU
		{91C1C227-6319-4E13-A1C0-BC4DC2600293}.Release|Any CPU.Build.0 = Release|Any CPU
	EndGlobalSection
	GlobalSection(SolutionProperties) = preSolution
		HideSolutionNode = FALSE
	EndGlobalSection
	GlobalSection(NestedProjects) = preSolution
		{00E0E714-1EB4-4B62-950F-AE7C3BFD6766} = {D4463BA6-BA4C-482A-B7CA-35FF1266B460}
		{8D41010B-AEF1-4742-B7EC-6A5AE62C45FC} = {7EA39066-8756-429A-AB15-3B791A053CA9}
		{7EA39066-8756-429A-AB15-3B791A053CA9} = {49118FAB-41A0-4376-AA35-EB5FE3F76F90}
		{B194A3FC-B182-431A-86E5-F0819CD8CE97} = {49118FAB-41A0-4376-AA35-EB5FE3F76F90}
		{8308A1D0-8A0C-43D4-9969-FD95132A79B5} = {D4463BA6-BA4C-482A-B7CA-35FF1266B460}
		{0551E76B-B9E4-4C7D-801E-F5E6D6066FBB} = {B194A3FC-B182-431A-86E5-F0819CD8CE97}
		{4AEA5E08-0DD7-40B9-BB17-22996DE7C5C5} = {93346194-3F3E-4EF4-A74F-250573DD2C20}
		{2AE20857-3DDA-417D-B3A5-11C10301F09B} = {B194A3FC-B182-431A-86E5-F0819CD8CE97}
		{8BE13F8E-C2A3-4A87-82CF-0B54F0FDD0CE} = {49118FAB-41A0-4376-AA35-EB5FE3F76F90}
		{7954A78A-E301-49B4-B877-0138FDA11E42} = {8BE13F8E-C2A3-4A87-82CF-0B54F0FDD0CE}
		{1B757181-140B-442F-8DA8-D414D03F5C35} = {49118FAB-41A0-4376-AA35-EB5FE3F76F90}
		{FCD95E50-EF44-41C6-8F21-41AE75ABF427} = {1B757181-140B-442F-8DA8-D414D03F5C35}
		{B20127A1-84FB-4CC2-A8D5-38CDB16AB952} = {1B757181-140B-442F-8DA8-D414D03F5C35}
		{B44F1DEB-3A65-443F-9A23-03EEADA6171C} = {49118FAB-41A0-4376-AA35-EB5FE3F76F90}
		{8819F81C-527F-47EB-A5E0-55EABD602986} = {B44F1DEB-3A65-443F-9A23-03EEADA6171C}
		{91C1C227-6319-4E13-A1C0-BC4DC2600293} = {B44F1DEB-3A65-443F-9A23-03EEADA6171C}
	EndGlobalSection
	GlobalSection(ExtensibilityGlobals) = postSolution
		SolutionGuid = {4B5A26C9-68C1-49D9-9F32-AF907A1730C2}
	EndGlobalSection
EndGlobal
